{
  "nodes": {
    "flake-parts": {
      "inputs": {
        "nixpkgs-lib": "nixpkgs-lib"
      },
      "locked": {
        "lastModified": 1763759067,
        "narHash": "sha256-LlLt2Jo/gMNYAwOgdRQBrsRoOz7BPRkzvNaI/fzXi2Q=",
        "owner": "hercules-ci",
        "repo": "flake-parts",
        "rev": "2cccadc7357c0ba201788ae99c4dfa90728ef5e0",
        "type": "github"
      },
      "original": {
        "owner": "hercules-ci",
        "repo": "flake-parts",
        "type": "github"
      }
    },
    "naersk": {
      "inputs": {
        "nixpkgs": [
          "puyo-lang",
          "nixpkgs"
        ]
      },
      "locked": {
        "lastModified": 1745925850,
        "narHash": "sha256-cyAAMal0aPrlb1NgzMxZqeN1mAJ2pJseDhm2m6Um8T0=",
        "owner": "nmattia",
        "repo": "naersk",
        "rev": "38bc60bbc157ae266d4a0c96671c6c742ee17a5f",
        "type": "github"
      },
      "original": {
        "owner": "nmattia",
        "repo": "naersk",
        "type": "github"
      }
    },
    "nixpkgs": {
      "locked": {
        "lastModified": 1764950072,
        "narHash": "sha256-BmPWzogsG2GsXZtlT+MTcAWeDK5hkbGRZTeZNW42fwA=",
        "owner": "nixos",
        "repo": "nixpkgs",
        "rev": "f61125a668a320878494449750330ca58b78c557",
        "type": "github"
      },
      "original": {
        "owner": "nixos",
        "ref": "nixos-unstable",
        "repo": "nixpkgs",
        "type": "github"
      }
    },
    "nixpkgs-lib": {
      "locked": {
        "lastModified": 1761765539,
        "narHash": "sha256-b0yj6kfvO8ApcSE+QmA6mUfu8IYG6/uU28OFn4PaC8M=",
        "owner": "nix-community",
        "repo": "nixpkgs.lib",
        "rev": "719359f4562934ae99f5443f20aa06c2ffff91fc",
        "type": "github"
      },
      "original": {
        "owner": "nix-community",
        "repo": "nixpkgs.lib",
        "type": "github"
      }
    },
    "nixpkgs_2": {
      "locked": {
        "lastModified": 1751382304,
        "narHash": "sha256-p+UruOjULI5lV16FkBqkzqgFasLqfx0bihLBeFHiZAs=",
        "owner": "NixOS",
        "repo": "nixpkgs",
        "rev": "d31a91c9b3bee464d054633d5f8b84e17a637862",
        "type": "github"
      },
      "original": {
        "owner": "NixOS",
        "ref": "nixpkgs-unstable",
        "repo": "nixpkgs",
        "type": "github"
      }
    },
    "puyo-lang": {
      "inputs": {
        "naersk": "naersk",
        "nixpkgs": "nixpkgs_2"
      },
      "locked": {
        "lastModified": 1751591082,
        "narHash": "sha256-HOxm1oTRa6qlf0OjtKK90rEtWi3a3PKAFqYxmudDCZo=",
        "ref": "refs/heads/main",
        "rev": "2d22cd689ed09577b95abfb1b6d0bc3920104753",
        "revCount": 11,
        "type": "git",
        "url": "https://git.pyrope.net/mbk/puyo-lang.git"
      },
      "original": {
        "type": "git",
        "url": "https://git.pyrope.net/mbk/puyo-lang.git"
      }
    },
    "root": {
      "inputs": {
        "flake-parts": "flake-parts",
        "nixpkgs": "nixpkgs",
        "puyo-lang": "puyo-lang"
      }
    }
  },
  "root": "root",
  "version": 7
}
