{
  "nodes": {
    "flake-parts": {
      "inputs": {
        "nixpkgs-lib": "nixpkgs-lib"
      },
      "locked": {
        "lastModified": 1760948891,
        "narHash": "sha256-TmWcdiUUaWk8J4lpjzu4gCGxWY6/Ok7mOK4fIFfBuU4=",
        "owner": "hercules-ci",
        "repo": "flake-parts",
        "rev": "864599284fc7c0ba6357ed89ed5e2cd5040f0c04",
        "type": "github"
      },
      "original": {
        "owner": "hercules-ci",
        "repo": "flake-parts",
        "type": "github"
      }
    },
    "naersk": {
      "inputs": {
        "nixpkgs": [
          "puyo-lang",
          "nixpkgs"
        ]
      },
      "locked": {
        "lastModified": 1745925850,
        "narHash": "sha256-cyAAMal0aPrlb1NgzMxZqeN1mAJ2pJseDhm2m6Um8T0=",
        "owner": "nmattia",
        "repo": "naersk",
        "rev": "38bc60bbc157ae266d4a0c96671c6c742ee17a5f",
        "type": "github"
      },
      "original": {
        "owner": "nmattia",
        "repo": "naersk",
        "type": "github"
      }
    },
    "nixpkgs": {
      "locked": {
        "lastModified": 1761373498,
        "narHash": "sha256-Q/uhWNvd7V7k1H1ZPMy/vkx3F8C13ZcdrKjO7Jv7v0c=",
        "owner": "nixos",
        "repo": "nixpkgs",
        "rev": "6a08e6bb4e46ff7fcbb53d409b253f6bad8a28ce",
        "type": "github"
      },
      "original": {
        "owner": "nixos",
        "ref": "nixos-unstable",
        "repo": "nixpkgs",
        "type": "github"
      }
    },
    "nixpkgs-lib": {
      "locked": {
        "lastModified": 1754788789,
        "narHash": "sha256-x2rJ+Ovzq0sCMpgfgGaaqgBSwY+LST+WbZ6TytnT9Rk=",
        "owner": "nix-community",
        "repo": "nixpkgs.lib",
        "rev": "a73b9c743612e4244d865a2fdee11865283c04e6",
        "type": "github"
      },
      "original": {
        "owner": "nix-community",
        "repo": "nixpkgs.lib",
        "type": "github"
      }
    },
    "nixpkgs_2": {
      "locked": {
        "lastModified": 1751382304,
        "narHash": "sha256-p+UruOjULI5lV16FkBqkzqgFasLqfx0bihLBeFHiZAs=",
        "owner": "NixOS",
        "repo": "nixpkgs",
        "rev": "d31a91c9b3bee464d054633d5f8b84e17a637862",
        "type": "github"
      },
      "original": {
        "owner": "NixOS",
        "ref": "nixpkgs-unstable",
        "repo": "nixpkgs",
        "type": "github"
      }
    },
    "puyo-lang": {
      "inputs": {
        "naersk": "naersk",
        "nixpkgs": "nixpkgs_2"
      },
      "locked": {
        "lastModified": 1751591082,
        "narHash": "sha256-HOxm1oTRa6qlf0OjtKK90rEtWi3a3PKAFqYxmudDCZo=",
        "ref": "refs/heads/main",
        "rev": "2d22cd689ed09577b95abfb1b6d0bc3920104753",
        "revCount": 11,
        "type": "git",
        "url": "https://git.pyrope.net/mbk/puyo-lang.git"
      },
      "original": {
        "type": "git",
        "url": "https://git.pyrope.net/mbk/puyo-lang.git"
      }
    },
    "root": {
      "inputs": {
        "flake-parts": "flake-parts",
        "nixpkgs": "nixpkgs",
        "puyo-lang": "puyo-lang"
      }
    }
  },
  "root": "root",
  "version": 7
}
